
Microsoft Visual Studio Solution File, Format Version 12.00
# Visual Studio Version 17
VisualStudioVersion = 17.6.33815.320
MinimumVisualStudioVersion = 10.0.40219.1
Project("{FAE04EC0-301F-11D3-BF4B-00C04F79EFBC}") = "POC.YARP.API", "POC.YARP.API.csproj", "{D15B17DA-9026-47DA-B7CE-99151516E1A4}"
EndProject
Global
	GlobalSection(SolutionConfigurationPlatforms) = preSolution
		Debug|Any CPU = Debug|Any CPU
		Release|Any CPU = Release|Any CPU
	EndGlobalSection
	GlobalSection(ProjectConfigurationPlatforms) = postSolution
		{D15B17DA-9026-47DA-B7CE-99151516E1A4}.Debug|Any CPU.ActiveCfg = Debug|Any CPU
		{D15B17DA-9026-47DA-B7CE-99151516E1A4}.Debug|Any CPU.Build.0 = Debug|Any CPU
		{D15B17DA-9026-47DA-B7CE-99151516E1A4}.Release|Any CPU.ActiveCfg = Release|Any CPU
		{D15B17DA-9026-47DA-B7CE-99151516E1A4}.Release|Any CPU.Build.0 = Release|Any CPU
	EndGlobalSection
	GlobalSection(SolutionProperties) = preSolution
		HideSolutionNode = FALSE
	EndGlobalSection
	GlobalSection(ExtensibilityGlobals) = postSolution
		SolutionGuid = {F24ECC4B-9AE3-4779-A6AA-84CFCCB8BBFE}
	EndGlobalSection
EndGlobal
